// !$*UTF8*$!
{
	archiveVersion = 1;
	classes = {
	};
	objectVersion = 48;
	objects = {

/* Begin PBXBuildFile section */
		2E3B10F6202540C800B443DB /* AppDelegate.swift in Sources */ = {isa = PBXBuildFile; fileRef = 2E3B10F5202540C800B443DB /* AppDelegate.swift */; };
		2E3B10F8202540C800B443DB /* ViewController.swift in Sources */ = {isa = PBXBuildFile; fileRef = 2E3B10F7202540C800B443DB /* ViewController.swift */; };
		2E3B10FB202540C800B443DB /* Main.storyboard in Resources */ = {isa = PBXBuildFile; fileRef = 2E3B10F9202540C800B443DB /* Main.storyboard */; };
		2E3B10FE202540C800B443DB /* Reminders.xcdatamodeld in Sources */ = {isa = PBXBuildFile; fileRef = 2E3B10FC202540C800B443DB /* Reminders.xcdatamodeld */; };
		2E3B1100202540C800B443DB /* Assets.xcassets in Resources */ = {isa = PBXBuildFile; fileRef = 2E3B10FF202540C800B443DB /* Assets.xcassets */; };
		2E3B1103202540C900B443DB /* LaunchScreen.storyboard in Resources */ = {isa = PBXBuildFile; fileRef = 2E3B1101202540C900B443DB /* LaunchScreen.storyboard */; };
		2E3B110C202542B600B443DB /* ReminderCellTableViewCell.swift in Sources */ = {isa = PBXBuildFile; fileRef = 2E3B110B202542B600B443DB /* ReminderCellTableViewCell.swift */; };
		2E3B110F202546DE00B443DB /* importanceType.swift in Sources */ = {isa = PBXBuildFile; fileRef = 2E3B110E202546DE00B443DB /* importanceType.swift */; };
		2E3B1111202623D900B443DB /* CreateReminderVC.swift in Sources */ = {isa = PBXBuildFile; fileRef = 2E3B1110202623D900B443DB /* CreateReminderVC.swift */; };
		2E3B11142026268500B443DB /* UIViewMoveKeyBoard.swift in Sources */ = {isa = PBXBuildFile; fileRef = 2E3B11132026268500B443DB /* UIViewMoveKeyBoard.swift */; };
/* End PBXBuildFile section */

/* Begin PBXFileReference section */
		2E3B10F2202540C800B443DB /* Reminders.app */ = {isa = PBXFileReference; explicitFileType = wrapper.application; includeInIndex = 0; path = Reminders.app; sourceTree = BUILT_PRODUCTS_DIR; };
		2E3B10F5202540C800B443DB /* AppDelegate.swift */ = {isa = PBXFileReference; lastKnownFileType = sourcecode.swift; path = AppDelegate.swift; sourceTree = "<group>"; };
		2E3B10F7202540C800B443DB /* ViewController.swift */ = {isa = PBXFileReference; lastKnownFileType = sourcecode.swift; path = ViewController.swift; sourceTree = "<group>"; };
		2E3B10FA202540C800B443DB /* Base */ = {isa = PBXFileReference; lastKnownFileType = file.storyboard; name = Base; path = Base.lproj/Main.storyboard; sourceTree = "<group>"; };
		2E3B10FD202540C800B443DB /* Reminders.xcdatamodel */ = {isa = PBXFileReference; lastKnownFileType = wrapper.xcdatamodel; path = Reminders.xcdatamodel; sourceTree = "<group>"; };
		2E3B10FF202540C800B443DB /* Assets.xcassets */ = {isa = PBXFileReference; lastKnownFileType = folder.assetcatalog; path = Assets.xcassets; sourceTree = "<group>"; };
		2E3B1102202540C900B443DB /* Base */ = {isa = PBXFileReference; lastKnownFileType = file.storyboard; name = Base; path = Base.lproj/LaunchScreen.storyboard; sourceTree = "<group>"; };
		2E3B1104202540C900B443DB /* Info.plist */ = {isa = PBXFileReference; lastKnownFileType = text.plist.xml; path = Info.plist; sourceTree = "<group>"; };
		2E3B110B202542B600B443DB /* ReminderCellTableViewCell.swift */ = {isa = PBXFileReference; lastKnownFileType = sourcecode.swift; path = ReminderCellTableViewCell.swift; sourceTree = "<group>"; };
		2E3B110E202546DE00B443DB /* importanceType.swift */ = {isa = PBXFileReference; lastKnownFileType = sourcecode.swift; path = importanceType.swift; sourceTree = "<group>"; };
		2E3B1110202623D900B443DB /* CreateReminderVC.swift */ = {isa = PBXFileReference; lastKnownFileType = sourcecode.swift; path = CreateReminderVC.swift; sourceTree = "<group>"; };
		2E3B11132026268500B443DB /* UIViewMoveKeyBoard.swift */ = {isa = PBXFileReference; lastKnownFileType = sourcecode.swift; path = UIViewMoveKeyBoard.swift; sourceTree = "<group>"; };
/* End PBXFileReference section */

/* Begin PBXFrameworksBuildPhase section */
		2E3B10EF202540C800B443DB /* Frameworks */ = {
			isa = PBXFrameworksBuildPhase;
			buildActionMask = 2147483647;
			files = (
			);
			runOnlyForDeploymentPostprocessing = 0;
		};
/* End PBXFrameworksBuildPhase section */

/* Begin PBXGroup section */
		2E3B10E9202540C800B443DB = {
			isa = PBXGroup;
			children = (
				2E3B10F4202540C800B443DB /* Reminders */,
				2E3B10F3202540C800B443DB /* Products */,
			);
			sourceTree = "<group>";
		};
		2E3B10F3202540C800B443DB /* Products */ = {
			isa = PBXGroup;
			children = (
				2E3B10F2202540C800B443DB /* Reminders.app */,
			);
			name = Products;
			sourceTree = "<group>";
		};
		2E3B10F4202540C800B443DB /* Reminders */ = {
			isa = PBXGroup;
			children = (
				2E3B111520262C7600B443DB /* Controllers */,
				2E3B11122026266100B443DB /* Extensions */,
				2E3B110D202546CE00B443DB /* Enum */,
				2E3B110A2025429E00B443DB /* Views */,
				2E3B10F5202540C800B443DB /* AppDelegate.swift */,
				2E3B10F9202540C800B443DB /* Main.storyboard */,
				2E3B10FF202540C800B443DB /* Assets.xcassets */,
				2E3B1101202540C900B443DB /* LaunchScreen.storyboard */,
				2E3B1104202540C900B443DB /* Info.plist */,
				2E3B10FC202540C800B443DB /* Reminders.xcdatamodeld */,
			);
			path = Reminders;
			sourceTree = "<group>";
		};
		2E3B110A2025429E00B443DB /* Views */ = {
			isa = PBXGroup;
			children = (
				2E3B110B202542B600B443DB /* ReminderCellTableViewCell.swift */,
			);
			path = Views;
			sourceTree = "<group>";
		};
		2E3B110D202546CE00B443DB /* Enum */ = {
			isa = PBXGroup;
			children = (
				2E3B110E202546DE00B443DB /* importanceType.swift */,
			);
			path = Enum;
			sourceTree = "<group>";
		};
		2E3B11122026266100B443DB /* Extensions */ = {
			isa = PBXGroup;
			children = (
				2E3B11132026268500B443DB /* UIViewMoveKeyBoard.swift */,
			);
			path = Extensions;
			sourceTree = "<group>";
		};
		2E3B111520262C7600B443DB /* Controllers */ = {
			isa = PBXGroup;
			children = (
				2E3B10F7202540C800B443DB /* ViewController.swift */,
				2E3B1110202623D900B443DB /* CreateReminderVC.swift */,
			);
			path = Controllers;
			sourceTree = "<group>";
		};
/* End PBXGroup section */

/* Begin PBXNativeTarget section */
		2E3B10F1202540C800B443DB /* Reminders */ = {
			isa = PBXNativeTarget;
			buildConfigurationList = 2E3B1107202540C900B443DB /* Build configuration list for PBXNativeTarget "Reminders" */;
			buildPhases = (
				2E3B10EE202540C800B443DB /* Sources */,
				2E3B10EF202540C800B443DB /* Frameworks */,
				2E3B10F0202540C800B443DB /* Resources */,
			);
			buildRules = (
			);
			dependencies = (
			);
			name = Reminders;
			productName = Reminders;
			productReference = 2E3B10F2202540C800B443DB /* Reminders.app */;
			productType = "com.apple.product-type.application";
		};
/* End PBXNativeTarget section */

/* Begin PBXProject section */
		2E3B10EA202540C800B443DB /* Project object */ = {
			isa = PBXProject;
			attributes = {
				LastSwiftUpdateCheck = 0920;
				LastUpgradeCheck = 0920;
				ORGANIZATIONNAME = "Robert Wais";
				TargetAttributes = {
					2E3B10F1202540C800B443DB = {
						CreatedOnToolsVersion = 9.2;
						ProvisioningStyle = Automatic;
					};
				};
			};
			buildConfigurationList = 2E3B10ED202540C800B443DB /* Build configuration list for PBXProject "Reminders" */;
			compatibilityVersion = "Xcode 8.0";
			developmentRegion = en;
			hasScannedForEncodings = 0;
			knownRegions = (
				en,
				Base,
			);
			mainGroup = 2E3B10E9202540C800B443DB;
			productRefGroup = 2E3B10F3202540C800B443DB /* Products */;
			projectDirPath = "";
			projectRoot = "";
			targets = (
				2E3B10F1202540C800B443DB /* Reminders */,
			);
		};
/* End PBXProject section */

/* Begin PBXResourcesBuildPhase section */
		2E3B10F0202540C800B443DB /* Resources */ = {
			isa = PBXResourcesBuildPhase;
			buildActionMask = 2147483647;
			files = (
				2E3B1103202540C900B443DB /* LaunchScreen.storyboard in Resources */,
				2E3B1100202540C800B443DB /* Assets.xcassets in Resources */,
				2E3B10FB202540C800B443DB /* Main.storyboard in Resources */,
			);
			runOnlyForDeploymentPostprocessing = 0;
		};
/* End PBXResourcesBuildPhase section */

/* Begin PBXSourcesBuildPhase section */
		2E3B10EE202540C800B443DB /* Sources */ = {
			isa = PBXSourcesBuildPhase;
			buildActionMask = 2147483647;
			files = (
				2E3B110F202546DE00B443DB /* importanceType.swift in Sources */,
				2E3B10F8202540C800B443DB /* ViewController.swift in Sources */,
				2E3B11142026268500B443DB /* UIViewMoveKeyBoard.swift in Sources */,
				2E3B1111202623D900B443DB /* CreateReminderVC.swift in Sources */,
				2E3B10FE202540C800B443DB /* Reminders.xcdatamodeld in Sources */,
				2E3B10F6202540C800B443DB /* AppDelegate.swift in Sources */,
				2E3B110C202542B600B443DB /* ReminderCellTableViewCell.swift in Sources */,
			);
			runOnlyForDeploymentPostprocessing = 0;
		};
/* End PBXSourcesBuildPhase section */

/* Begin PBXVariantGroup section */
		2E3B10F9202540C800B443DB /* Main.storyboard */ = {
			isa = PBXVariantGroup;
			children = (
				2E3B10FA202540C800B443DB /* Base */,
			);
			name = Main.storyboard;
			sourceTree = "<group>";
		};
		2E3B1101202540C900B443DB /* LaunchScreen.storyboard */ = {
			isa = PBXVariantGroup;
			children = (
				2E3B1102202540C900B443DB /* Base */,
			);
			name = LaunchScreen.storyboard;
			sourceTree = "<group>";
		};
/* End PBXVariantGroup section */

/* Begin XCBuildConfiguration section */
		2E3B1105202540C900B443DB /* Debug */ = {
			isa = XCBuildConfiguration;
			buildSettings = {
				ALWAYS_SEARCH_USER_PATHS = NO;
				CLANG_ANALYZER_NONNULL = YES;
				CLANG_ANALYZER_NUMBER_OBJECT_CONVERSION = YES_AGGRESSIVE;
				CLANG_CXX_LANGUAGE_STANDARD = "gnu++14";
				CLANG_CXX_LIBRARY = "libc++";
				CLANG_ENABLE_MODULES = YES;
				CLANG_ENABLE_OBJC_ARC = YES;
				CLANG_WARN_BLOCK_CAPTURE_AUTORELEASING = YES;
				CLANG_WARN_BOOL_CONVERSION = YES;
				CLANG_WARN_COMMA = YES;
				CLANG_WARN_CONSTANT_CONVERSION = YES;
				CLANG_WARN_DIRECT_OBJC_ISA_USAGE = YES_ERROR;
				CLANG_WARN_DOCUMENTATION_COMMENTS = YES;
				CLANG_WARN_EMPTY_BODY = YES;
				CLANG_WARN_ENUM_CONVERSION = YES;
				CLANG_WARN_INFINITE_RECURSION = YES;
				CLANG_WARN_INT_CONVERSION = YES;
				CLANG_WARN_NON_LITERAL_NULL_CONVERSION = YES;
				CLANG_WARN_OBJC_LITERAL_CONVERSION = YES;
				CLANG_WARN_OBJC_ROOT_CLASS = YES_ERROR;
				CLANG_WARN_RANGE_LOOP_ANALYSIS = YES;
				CLANG_WARN_STRICT_PROTOTYPES = YES;
				CLANG_WARN_SUSPICIOUS_MOVE = YES;
				CLANG_WARN_UNGUARDED_AVAILABILITY = YES_AGGRESSIVE;
				CLANG_WARN_UNREACHABLE_CODE = YES;
				CLANG_WARN__DUPLICATE_METHOD_MATCH = YES;
				CODE_SIGN_IDENTITY = "iPhone Developer";
				COPY_PHASE_STRIP = NO;
				DEBUG_INFORMATION_FORMAT = dwarf;
				ENABLE_STRICT_OBJC_MSGSEND = YES;
				ENABLE_TESTABILITY = YES;
				GCC_C_LANGUAGE_STANDARD = gnu11;
				GCC_DYNAMIC_NO_PIC = NO;
				GCC_NO_COMMON_BLOCKS = YES;
				GCC_OPTIMIZATION_LEVEL = 0;
				GCC_PREPROCESSOR_DEFINITIONS = (
					"DEBUG=1",
					"$(inherited)",
				);
				GCC_WARN_64_TO_32_BIT_CONVERSION = YES;
				GCC_WARN_ABOUT_RETURN_TYPE = YES_ERROR;
				GCC_WARN_UNDECLARED_SELECTOR = YES;
				GCC_WARN_UNINITIALIZED_AUTOS = YES_AGGRESSIVE;
				GCC_WARN_UNUSED_FUNCTION = YES;
				GCC_WARN_UNUSED_VARIABLE = YES;
				IPHONEOS_DEPLOYMENT_TARGET = 11.2;
				MTL_ENABLE_DEBUG_INFO = YES;
				ONLY_ACTIVE_ARCH = YES;
				SDKROOT = iphoneos;
				SWIFT_ACTIVE_COMPILATION_CONDITIONS = DEBUG;
				SWIFT_OPTIMIZATION_LEVEL = "-Onone";
			};
			name = Debug;
		};
		2E3B1106202540C900B443DB /* Release */ = {
			isa = XCBuildConfiguration;
			buildSettings = {
				ALWAYS_SEARCH_USER_PATHS = NO;
				CLANG_ANALYZER_NONNULL = YES;
				CLANG_ANALYZER_NUMBER_OBJECT_CONVERSION = YES_AGGRESSIVE;
				CLANG_CXX_LANGUAGE_STANDARD = "gnu++14";
				CLANG_CXX_LIBRARY = "libc++";
				CLANG_ENABLE_MODULES = YES;
				CLANG_ENABLE_OBJC_ARC = YES;
				CLANG_WARN_BLOCK_CAPTURE_AUTORELEASING = YES;
				CLANG_WARN_BOOL_CONVERSION = YES;
				CLANG_WARN_COMMA = YES;
				CLANG_WARN_CONSTANT_CONVERSION = YES;
				CLANG_WARN_DIRECT_OBJC_ISA_USAGE = YES_ERROR;
				CLANG_WARN_DOCUMENTATION_COMMENTS = YES;
				CLANG_WARN_EMPTY_BODY = YES;
				CLANG_WARN_ENUM_CONVERSION = YES;
				CLANG_WARN_INFINITE_RECURSION = YES;
				CLANG_WARN_INT_CONVERSION = YES;
				CLANG_WARN_NON_LITERAL_NULL_CONVERSION = YES;
				CLANG_WARN_OBJC_LITERAL_CONVERSION = YES;
				CLANG_WARN_OBJC_ROOT_CLASS = YES_ERROR;
				CLANG_WARN_RANGE_LOOP_ANALYSIS = YES;
				CLANG_WARN_STRICT_PROTOTYPES = YES;
				CLANG_WARN_SUSPICIOUS_MOVE = YES;
				CLANG_WARN_UNGUARDED_AVAILABILITY = YES_AGGRESSIVE;
				CLANG_WARN_UNREACHABLE_CODE = YES;
				CLANG_WARN__DUPLICATE_METHOD_MATCH = YES;
				CODE_SIGN_IDENTITY = "iPhone Developer";
				COPY_PHASE_STRIP = NO;
				DEBUG_INFORMATION_FORMAT = "dwarf-with-dsym";
				ENABLE_NS_ASSERTIONS = NO;
				ENABLE_STRICT_OBJC_MSGSEND = YES;
				GCC_C_LANGUAGE_STANDARD = gnu11;
				GCC_NO_COMMON_BLOCKS = YES;
				GCC_WARN_64_TO_32_BIT_CONVERSION = YES;
				GCC_WARN_ABOUT_RETURN_TYPE = YES_ERROR;
				GCC_WARN_UNDECLARED_SELECTOR = YES;
				GCC_WARN_UNINITIALIZED_AUTOS = YES_AGGRESSIVE;
				GCC_WARN_UNUSED_FUNCTION = YES;
				GCC_WARN_UNUSED_VARIABLE = YES;
				IPHONEOS_DEPLOYMENT_TARGET = 11.2;
				MTL_ENABLE_DEBUG_INFO = NO;
				SDKROOT = iphoneos;
				SWIFT_OPTIMIZATION_LEVEL = "-Owholemodule";
				VALIDATE_PRODUCT = YES;
			};
			name = Release;
		};
		2E3B1108202540C900B443DB /* Debug */ = {
			isa = XCBuildConfiguration;
			buildSettings = {
				ASSETCATALOG_COMPILER_APPICON_NAME = AppIcon;
				CODE_SIGN_STYLE = Automatic;
				DEVELOPMENT_TEAM = 6V78FR972C;
				INFOPLIST_FILE = Reminders/Info.plist;
				LD_RUNPATH_SEARCH_PATHS = "$(inherited) @executable_path/Frameworks";
				PRODUCT_BUNDLE_IDENTIFIER = com.Bob.Reminders;
				PRODUCT_NAME = "$(TARGET_NAME)";
				SWIFT_VERSION = 4.0;
				TARGETED_DEVICE_FAMILY = "1,2";
			};
			name = Debug;
		};
		2E3B1109202540C900B443DB /* Release */ = {
			isa = XCBuildConfiguration;
			buildSettings = {
				ASSETCATALOG_COMPILER_APPICON_NAME = AppIcon;
				CODE_SIGN_STYLE = Automatic;
				DEVELOPMENT_TEAM = 6V78FR972C;
				INFOPLIST_FILE = Reminders/Info.plist;
				LD_RUNPATH_SEARCH_PATHS = "$(inherited) @executable_path/Frameworks";
				PRODUCT_BUNDLE_IDENTIFIER = com.Bob.Reminders;
				PRODUCT_NAME = "$(TARGET_NAME)";
				SWIFT_VERSION = 4.0;
				TARGETED_DEVICE_FAMILY = "1,2";
			};
			name = Release;
		};
/* End XCBuildConfiguration section */

/* Begin XCConfigurationList section */
		2E3B10ED202540C800B443DB /* Build configuration list for PBXProject "Reminders" */ = {
			isa = XCConfigurationList;
			buildConfigurations = (
				2E3B1105202540C900B443DB /* Debug */,
				2E3B1106202540C900B443DB /* Release */,
			);
			defaultConfigurationIsVisible = 0;
			defaultConfigurationName = Release;
		};
		2E3B1107202540C900B443DB /* Build configuration list for PBXNativeTarget "Reminders" */ = {
			isa = XCConfigurationList;
			buildConfigurations = (
				2E3B1108202540C900B443DB /* Debug */,
				2E3B1109202540C900B443DB /* Release */,
			);
			defaultConfigurationIsVisible = 0;
			defaultConfigurationName = Release;
		};
/* End XCConfigurationList section */

/* Begin XCVersionGroup section */
		2E3B10FC202540C800B443DB /* Reminders.xcdatamodeld */ = {
			isa = XCVersionGroup;
			children = (
				2E3B10FD202540C800B443DB /* Reminders.xcdatamodel */,
			);
			currentVersion = 2E3B10FD202540C800B443DB /* Reminders.xcdatamodel */;
			path = Reminders.xcdatamodeld;
			sourceTree = "<group>";
			versionGroupType = wrapper.xcdatamodel;
		};
/* End XCVersionGroup section */
	};
	rootObject = 2E3B10EA202540C800B443DB /* Project object */;
}
